
Microsoft Visual Studio Solution File, Format Version 12.00
# Visual Studio Version 17
VisualStudioVersion = 17.14.37216.2
MinimumVisualStudioVersion = 10.0.40219.1
Project("{2150E333-8FDC-42A3-9474-1A3956D46DE8}") = "01_MainSubjects", "01_MainSubjects", "{02EA681E-C7D8-13C7-8484-4AC65E1B71E8}"
EndProject
Project("{FAE04EC0-301F-11D3-BF4B-00C04F79EFBC}") = "01_MainSubjects", "01_MainSubjects\01_MainSubjects.csproj", "{3C6CA58E-EEFD-4397-B161-3C6DDC8FEA27}"
EndProject
Project("{2150E333-8FDC-42A3-9474-1A3956D46DE8}") = "02_Variables", "02_Variables", "{75453E72-A8E8-460F-BC6D-9B106A3A3B05}"
EndProject
Project("{FAE04EC0-301F-11D3-BF4B-00C04F79EFBC}") = "02_Variables", "02_Variables\02_Variables.csproj", "{E0E27745-9735-4B9A-8586-93F7298028B4}"
EndProject
Project("{2150E333-8FDC-42A3-9474-1A3956D46DE8}") = "03_MakingDecision", "03_MakingDecision", "{2C065E2E-64BD-41F8-A700-C370EA87459A}"
EndProject
Project("{FAE04EC0-301F-11D3-BF4B-00C04F79EFBC}") = "03_MakingDecision", "03_MakingDecision\03_MakingDecision.csproj", "{08B7A5E4-75EC-4A34-B592-433339C34180}"
EndProject
Project("{2150E333-8FDC-42A3-9474-1A3956D46DE8}") = "04_Loops", "04_Loops", "{7677DE15-4E5F-47EB-AB6D-A6F88081E584}"
EndProject
Project("{FAE04EC0-301F-11D3-BF4B-00C04F79EFBC}") = "04_Loops", "04_Loops\04_Loops.csproj", "{C4312DEC-C636-4E25-AD74-68E70EF2DD3F}"
EndProject
Project("{2150E333-8FDC-42A3-9474-1A3956D46DE8}") = "05_Arrays", "05_Arrays", "{16AD5E24-E9BB-4D3E-9ABA-30290D458E65}"
EndProject
Project("{FAE04EC0-301F-11D3-BF4B-00C04F79EFBC}") = "05_Arrays", "04_Arrays\05_Arrays.csproj", "{1ECE5861-ADFB-4571-90B1-2E892025AA9E}"
EndProject
Project("{2150E333-8FDC-42A3-9474-1A3956D46DE8}") = "06_ForeachLoop", "06_ForeachLoop", "{B3DC2406-1B2F-4251-B60D-924BDA4C1DBC}"
EndProject
Project("{FAE04EC0-301F-11D3-BF4B-00C04F79EFBC}") = "06_ForeachLoop", "07_ForeachLoop\06_ForeachLoop.csproj", "{A9AE8FF6-6790-46FE-AFB1-E6271BB78BEF}"
EndProject
Project("{2150E333-8FDC-42A3-9474-1A3956D46DE8}") = "07_Methods", "07_Methods", "{D3B308E8-332F-4D7C-AC0E-DE89746CCE23}"
EndProject
Project("{FAE04EC0-301F-11D3-BF4B-00C04F79EFBC}") = "07_Methods", "07_Methods\07_Methods.csproj", "{BF0C984B-2D5D-4EA5-A59A-4EDBBFAC2466}"
EndProject
Project("{2150E333-8FDC-42A3-9474-1A3956D46DE8}") = "08_DatabaseProject", "08_DatabaseProject", "{2AF320B6-85FF-49A4-B473-C2E934707C7C}"
EndProject
Project("{FAE04EC0-301F-11D3-BF4B-00C04F79EFBC}") = "08_DatabaseProject", "08_DatabaseProject\08_DatabaseProject.csproj", "{D5C80951-C60A-4FDF-8416-9AD3A60327DB}"
EndProject
Project("{FAE04EC0-301F-11D3-BF4B-00C04F79EFBC}") = "8_DatabaseCRUD", "10_DatabaseCRUD\8_DatabaseCRUD.csproj", "{35AABEED-EAC7-4EAD-AC08-3B034E37F9D5}"
EndProject
Project("{2150E333-8FDC-42A3-9474-1A3956D46DE8}") = "09_Katman", "09_Katman", "{3F23E02E-2216-40EF-863F-17ED0A7B668D}"
EndProject
Project("{2150E333-8FDC-42A3-9474-1A3956D46DE8}") = "Entity", "Entity", "{682279BC-0F3D-451D-9117-F36C210AE3EE}"
EndProject
Project("{2150E333-8FDC-42A3-9474-1A3956D46DE8}") = "DataAccess", "DataAccess", "{74DF931B-D304-4F2A-B54C-FA224D75CE7B}"
EndProject
Project("{2150E333-8FDC-42A3-9474-1A3956D46DE8}") = "Bussiness", "Bussiness", "{EBCEC64C-FC5D-4B31-A858-656626E40901}"
EndProject
Project("{FAE04EC0-301F-11D3-BF4B-00C04F79EFBC}") = "09_Katman.EntityLayer", "09_Katman\09_Katman.EntityLayer\09_Katman.EntityLayer.csproj", "{5EDDE93D-DD1D-48DC-ABD6-D2C98FAC56DE}"
EndProject
Project("{FAE04EC0-301F-11D3-BF4B-00C04F79EFBC}") = "09_Katman.DataAccesLayer", "09_Katman\09_Katman.DataAccesLayer\09_Katman.DataAccesLayer.csproj", "{15FC6EA8-DDD7-4B08-B47C-9A48B8B4CADD}"
EndProject
Project("{FAE04EC0-301F-11D3-BF4B-00C04F79EFBC}") = "09_Katman.BussinessLayer", "09_Katman\09_Katman.BussinessLayer\09_Katman.BussinessLayer.csproj", "{43066768-285D-440A-983F-09CAE25D77AB}"
EndProject
Project("{2150E333-8FDC-42A3-9474-1A3956D46DE8}") = "Presentation", "Presentation", "{00AD54B5-4242-4010-9FD5-BF23C1408412}"
EndProject
Project("{FAE04EC0-301F-11D3-BF4B-00C04F79EFBC}") = "UI", "9_Katman\Presentation\UI\UI.csproj", "{1D0B1783-9372-4EDF-85FB-D5A7562C8877}"
EndProject
Project("{2150E333-8FDC-42A3-9474-1A3956D46DE8}") = "11_EntityFramework", "11_EntityFramework", "{1912057C-36F1-45BA-9214-2FC65A0A33F9}"
EndProject
Project("{FAE04EC0-301F-11D3-BF4B-00C04F79EFBC}") = "EntityFramework.EfProject", "EntityFramework\EntityFramework.EfProject\EntityFramework.EfProject.csproj", "{6B865DAB-DC45-4DC4-9005-943191434AEB}"
EndProject
Project("{FAE04EC0-301F-11D3-BF4B-00C04F79EFBC}") = "StaticProject", "StaticProject\StaticProject.csproj", "{0D784F74-BB24-4084-8DA0-287EDC2AEB44}"
EndProject
Project("{2150E333-8FDC-42A3-9474-1A3956D46DE8}") = "10_Dapper", "10_Dapper", "{E796E677-427A-493E-8532-49739D5B4A8F}"
EndProject
Project("{FAE04EC0-301F-11D3-BF4B-00C04F79EFBC}") = "010_Dapper", "010_Dapper\010_Dapper.csproj", "{4776C3DC-5786-4320-8F9B-200D4747B5A1}"
EndProject
Project("{2150E333-8FDC-42A3-9474-1A3956D46DE8}") = "12_FinancialCrm", "12_FinancialCrm", "{4218A17F-ADE4-479A-AC08-4A14A64B890E}"
EndProject
Project("{FAE04EC0-301F-11D3-BF4B-00C04F79EFBC}") = "MyFinancalCrmProject", "MyFinancalCrmProject\MyFinancalCrmProject.csproj", "{8512F98A-B808-4890-9B3F-0CDB3A17E58A}"
EndProject
Global
	GlobalSection(SolutionConfigurationPlatforms) = preSolution
		Debug|Any CPU = Debug|Any CPU
		Release|Any CPU = Release|Any CPU
	EndGlobalSection
	GlobalSection(ProjectConfigurationPlatforms) = postSolution
		{3C6CA58E-EEFD-4397-B161-3C6DDC8FEA27}.Debug|Any CPU.ActiveCfg = Debug|Any CPU
		{3C6CA58E-EEFD-4397-B161-3C6DDC8FEA27}.Debug|Any CPU.Build.0 = Debug|Any CPU
		{3C6CA58E-EEFD-4397-B161-3C6DDC8FEA27}.Release|Any CPU.ActiveCfg = Release|Any CPU
		{3C6CA58E-EEFD-4397-B161-3C6DDC8FEA27}.Release|Any CPU.Build.0 = Release|Any CPU
		{E0E27745-9735-4B9A-8586-93F7298028B4}.Debug|Any CPU.ActiveCfg = Debug|Any CPU
		{E0E27745-9735-4B9A-8586-93F7298028B4}.Debug|Any CPU.Build.0 = Debug|Any CPU
		{E0E27745-9735-4B9A-8586-93F7298028B4}.Release|Any CPU.ActiveCfg = Release|Any CPU
		{E0E27745-9735-4B9A-8586-93F7298028B4}.Release|Any CPU.Build.0 = Release|Any CPU
		{08B7A5E4-75EC-4A34-B592-433339C34180}.Debug|Any CPU.ActiveCfg = Debug|Any CPU
		{08B7A5E4-75EC-4A34-B592-433339C34180}.Debug|Any CPU.Build.0 = Debug|Any CPU
		{08B7A5E4-75EC-4A34-B592-433339C34180}.Release|Any CPU.ActiveCfg = Release|Any CPU
		{08B7A5E4-75EC-4A34-B592-433339C34180}.Release|Any CPU.Build.0 = Release|Any CPU
		{C4312DEC-C636-4E25-AD74-68E70EF2DD3F}.Debug|Any CPU.ActiveCfg = Debug|Any CPU
		{C4312DEC-C636-4E25-AD74-68E70EF2DD3F}.Debug|Any CPU.Build.0 = Debug|Any CPU
		{C4312DEC-C636-4E25-AD74-68E70EF2DD3F}.Release|Any CPU.ActiveCfg = Release|Any CPU
		{C4312DEC-C636-4E25-AD74-68E70EF2DD3F}.Release|Any CPU.Build.0 = Release|Any CPU
		{1ECE5861-ADFB-4571-90B1-2E892025AA9E}.Debug|Any CPU.ActiveCfg = Debug|Any CPU
		{1ECE5861-ADFB-4571-90B1-2E892025AA9E}.Debug|Any CPU.Build.0 = Debug|Any CPU
		{1ECE5861-ADFB-4571-90B1-2E892025AA9E}.Release|Any CPU.ActiveCfg = Release|Any CPU
		{1ECE5861-ADFB-4571-90B1-2E892025AA9E}.Release|Any CPU.Build.0 = Release|Any CPU
		{A9AE8FF6-6790-46FE-AFB1-E6271BB78BEF}.Debug|Any CPU.ActiveCfg = Debug|Any CPU
		{A9AE8FF6-6790-46FE-AFB1-E6271BB78BEF}.Debug|Any CPU.Build.0 = Debug|Any CPU
		{A9AE8FF6-6790-46FE-AFB1-E6271BB78BEF}.Release|Any CPU.ActiveCfg = Release|Any CPU
		{A9AE8FF6-6790-46FE-AFB1-E6271BB78BEF}.Release|Any CPU.Build.0 = Release|Any CPU
		{BF0C984B-2D5D-4EA5-A59A-4EDBBFAC2466}.Debug|Any CPU.ActiveCfg = Debug|Any CPU
		{BF0C984B-2D5D-4EA5-A59A-4EDBBFAC2466}.Debug|Any CPU.Build.0 = Debug|Any CPU
		{BF0C984B-2D5D-4EA5-A59A-4EDBBFAC2466}.Release|Any CPU.ActiveCfg = Release|Any CPU
		{BF0C984B-2D5D-4EA5-A59A-4EDBBFAC2466}.Release|Any CPU.Build.0 = Release|Any CPU
		{D5C80951-C60A-4FDF-8416-9AD3A60327DB}.Debug|Any CPU.ActiveCfg = Debug|Any CPU
		{D5C80951-C60A-4FDF-8416-9AD3A60327DB}.Debug|Any CPU.Build.0 = Debug|Any CPU
		{D5C80951-C60A-4FDF-8416-9AD3A60327DB}.Release|Any CPU.ActiveCfg = Release|Any CPU
		{D5C80951-C60A-4FDF-8416-9AD3A60327DB}.Release|Any CPU.Build.0 = Release|Any CPU
		{35AABEED-EAC7-4EAD-AC08-3B034E37F9D5}.Debug|Any CPU.ActiveCfg = Debug|Any CPU
		{35AABEED-EAC7-4EAD-AC08-3B034E37F9D5}.Debug|Any CPU.Build.0 = Debug|Any CPU
		{35AABEED-EAC7-4EAD-AC08-3B034E37F9D5}.Release|Any CPU.ActiveCfg = Release|Any CPU
		{35AABEED-EAC7-4EAD-AC08-3B034E37F9D5}.Release|Any CPU.Build.0 = Release|Any CPU
		{5EDDE93D-DD1D-48DC-ABD6-D2C98FAC56DE}.Debug|Any CPU.ActiveCfg = Debug|Any CPU
		{5EDDE93D-DD1D-48DC-ABD6-D2C98FAC56DE}.Debug|Any CPU.Build.0 = Debug|Any CPU
		{5EDDE93D-DD1D-48DC-ABD6-D2C98FAC56DE}.Release|Any CPU.ActiveCfg = Release|Any CPU
		{5EDDE93D-DD1D-48DC-ABD6-D2C98FAC56DE}.Release|Any CPU.Build.0 = Release|Any CPU
		{15FC6EA8-DDD7-4B08-B47C-9A48B8B4CADD}.Debug|Any CPU.ActiveCfg = Debug|Any CPU
		{15FC6EA8-DDD7-4B08-B47C-9A48B8B4CADD}.Debug|Any CPU.Build.0 = Debug|Any CPU
		{15FC6EA8-DDD7-4B08-B47C-9A48B8B4CADD}.Release|Any CPU.ActiveCfg = Release|Any CPU
		{15FC6EA8-DDD7-4B08-B47C-9A48B8B4CADD}.Release|Any CPU.Build.0 = Release|Any CPU
		{43066768-285D-440A-983F-09CAE25D77AB}.Debug|Any CPU.ActiveCfg = Debug|Any CPU
		{43066768-285D-440A-983F-09CAE25D77AB}.Debug|Any CPU.Build.0 = Debug|Any CPU
		{43066768-285D-440A-983F-09CAE25D77AB}.Release|Any CPU.ActiveCfg = Release|Any CPU
		{43066768-285D-440A-983F-09CAE25D77AB}.Release|Any CPU.Build.0 = Release|Any CPU
		{1D0B1783-9372-4EDF-85FB-D5A7562C8877}.Debug|Any CPU.ActiveCfg = Debug|Any CPU
		{1D0B1783-9372-4EDF-85FB-D5A7562C8877}.Debug|Any CPU.Build.0 = Debug|Any CPU
		{1D0B1783-9372-4EDF-85FB-D5A7562C8877}.Release|Any CPU.ActiveCfg = Release|Any CPU
		{1D0B1783-9372-4EDF-85FB-D5A7562C8877}.Release|Any CPU.Build.0 = Release|Any CPU
		{6B865DAB-DC45-4DC4-9005-943191434AEB}.Debug|Any CPU.ActiveCfg = Debug|Any CPU
		{6B865DAB-DC45-4DC4-9005-943191434AEB}.Debug|Any CPU.Build.0 = Debug|Any CPU
		{6B865DAB-DC45-4DC4-9005-943191434AEB}.Release|Any CPU.ActiveCfg = Release|Any CPU
		{6B865DAB-DC45-4DC4-9005-943191434AEB}.Release|Any CPU.Build.0 = Release|Any CPU
		{0D784F74-BB24-4084-8DA0-287EDC2AEB44}.Debug|Any CPU.ActiveCfg = Debug|Any CPU
		{0D784F74-BB24-4084-8DA0-287EDC2AEB44}.Debug|Any CPU.Build.0 = Debug|Any CPU
		{0D784F74-BB24-4084-8DA0-287EDC2AEB44}.Release|Any CPU.ActiveCfg = Release|Any CPU
		{0D784F74-BB24-4084-8DA0-287EDC2AEB44}.Release|Any CPU.Build.0 = Release|Any CPU
		{4776C3DC-5786-4320-8F9B-200D4747B5A1}.Debug|Any CPU.ActiveCfg = Debug|Any CPU
		{4776C3DC-5786-4320-8F9B-200D4747B5A1}.Debug|Any CPU.Build.0 = Debug|Any CPU
		{4776C3DC-5786-4320-8F9B-200D4747B5A1}.Release|Any CPU.ActiveCfg = Release|Any CPU
		{4776C3DC-5786-4320-8F9B-200D4747B5A1}.Release|Any CPU.Build.0 = Release|Any CPU
		{8512F98A-B808-4890-9B3F-0CDB3A17E58A}.Debug|Any CPU.ActiveCfg = Debug|Any CPU
		{8512F98A-B808-4890-9B3F-0CDB3A17E58A}.Debug|Any CPU.Build.0 = Debug|Any CPU
		{8512F98A-B808-4890-9B3F-0CDB3A17E58A}.Release|Any CPU.ActiveCfg = Release|Any CPU
		{8512F98A-B808-4890-9B3F-0CDB3A17E58A}.Release|Any CPU.Build.0 = Release|Any CPU
	EndGlobalSection
	GlobalSection(SolutionProperties) = preSolution
		HideSolutionNode = FALSE
	EndGlobalSection
	GlobalSection(NestedProjects) = preSolution
		{3C6CA58E-EEFD-4397-B161-3C6DDC8FEA27} = {02EA681E-C7D8-13C7-8484-4AC65E1B71E8}
		{E0E27745-9735-4B9A-8586-93F7298028B4} = {75453E72-A8E8-460F-BC6D-9B106A3A3B05}
		{08B7A5E4-75EC-4A34-B592-433339C34180} = {2C065E2E-64BD-41F8-A700-C370EA87459A}
		{C4312DEC-C636-4E25-AD74-68E70EF2DD3F} = {7677DE15-4E5F-47EB-AB6D-A6F88081E584}
		{1ECE5861-ADFB-4571-90B1-2E892025AA9E} = {16AD5E24-E9BB-4D3E-9ABA-30290D458E65}
		{A9AE8FF6-6790-46FE-AFB1-E6271BB78BEF} = {B3DC2406-1B2F-4251-B60D-924BDA4C1DBC}
		{BF0C984B-2D5D-4EA5-A59A-4EDBBFAC2466} = {D3B308E8-332F-4D7C-AC0E-DE89746CCE23}
		{D5C80951-C60A-4FDF-8416-9AD3A60327DB} = {2AF320B6-85FF-49A4-B473-C2E934707C7C}
		{35AABEED-EAC7-4EAD-AC08-3B034E37F9D5} = {2AF320B6-85FF-49A4-B473-C2E934707C7C}
		{682279BC-0F3D-451D-9117-F36C210AE3EE} = {3F23E02E-2216-40EF-863F-17ED0A7B668D}
		{74DF931B-D304-4F2A-B54C-FA224D75CE7B} = {3F23E02E-2216-40EF-863F-17ED0A7B668D}
		{EBCEC64C-FC5D-4B31-A858-656626E40901} = {3F23E02E-2216-40EF-863F-17ED0A7B668D}
		{5EDDE93D-DD1D-48DC-ABD6-D2C98FAC56DE} = {682279BC-0F3D-451D-9117-F36C210AE3EE}
		{15FC6EA8-DDD7-4B08-B47C-9A48B8B4CADD} = {74DF931B-D304-4F2A-B54C-FA224D75CE7B}
		{43066768-285D-440A-983F-09CAE25D77AB} = {EBCEC64C-FC5D-4B31-A858-656626E40901}
		{00AD54B5-4242-4010-9FD5-BF23C1408412} = {3F23E02E-2216-40EF-863F-17ED0A7B668D}
		{1D0B1783-9372-4EDF-85FB-D5A7562C8877} = {00AD54B5-4242-4010-9FD5-BF23C1408412}
		{6B865DAB-DC45-4DC4-9005-943191434AEB} = {1912057C-36F1-45BA-9214-2FC65A0A33F9}
		{0D784F74-BB24-4084-8DA0-287EDC2AEB44} = {1912057C-36F1-45BA-9214-2FC65A0A33F9}
		{4776C3DC-5786-4320-8F9B-200D4747B5A1} = {E796E677-427A-493E-8532-49739D5B4A8F}
		{8512F98A-B808-4890-9B3F-0CDB3A17E58A} = {4218A17F-ADE4-479A-AC08-4A14A64B890E}
	EndGlobalSection
	GlobalSection(ExtensibilityGlobals) = postSolution
		SolutionGuid = {7BD953AE-7023-4E1F-AA96-E535801243CB}
	EndGlobalSection
EndGlobal
